<Solution>
  <Folder Name="/src/">
    <Project Path="src/DotCruz.Notifications.Delivery.Lambda/DotCruz.Notifications.Delivery.Lambda.csproj" />
  </Folder>
  <Folder Name="/tests/">
    <Project Path="tests/CommonTestUtilities/CommonTestUtilities.csproj" />
    <Project Path="tests/UseCases.Test/UseCases.Test.csproj" />
    <Project Path="tests/Function.Test/Function.Test.csproj" />
  </Folder>
</Solution>
